{
  "version": 4,
  "terraform_version": "0.14.6",
  "serial": 925,
  "lineage": "f4e1e4e4-3ce5-6550-fe35-1e25e04d4ba9",
  "outputs": {},
  "resources": [
    {
      "module": "module.cleanup-lambda",
      "mode": "data",
      "type": "archive_file",
      "name": "archive",
      "provider": "provider[\"registry.terraform.io/hashicorp/archive\"]",
      "instances": [
        {
          "schema_version": 0,
          "attributes": {
            "excludes": null,
            "id": "b717bc09d3e3aafc8690f555169dcbabd60fce76",
            "output_base64sha256": "dR6FGP0BANSny8VU2P11djM+J/FOAEiumyhF5LURV0o=",
            "output_md5": "8a6a4a7908413c5d0a63efed2c7bce5f",
            "output_path": "./cleanup-lambda-python-code.zip",
            "output_sha": "b717bc09d3e3aafc8690f555169dcbabd60fce76",
            "output_size": 227,
            "source": [],
            "source_content": null,
            "source_content_filename": null,
            "source_dir": "./../src/cra-integration/cleanup-processor/",
            "source_file": null,
            "type": "zip"
          },
          "sensitive_attributes": []
        }
      ]
    },
    {
      "module": "module.cleanup-lambda",
      "mode": "managed",
      "type": "aws_iam_role",
      "name": "iam_for_cleanup_lambda",
      "provider": "provider[\"registry.terraform.io/hashicorp/aws\"]",
      "instances": [
        {
          "schema_version": 0,
          "attributes": {
            "arn": "arn:aws:iam::266283146648:role/iam_for_cleanup_lambda",
            "assume_role_policy": "{\"Version\":\"2012-10-17\",\"Statement\":[{\"Effect\":\"Allow\",\"Principal\":{\"Service\":\"lambda.amazonaws.com\"},\"Action\":\"sts:AssumeRole\"}]}",
            "create_date": "2021-02-16T14:12:12Z",
            "description": "",
            "force_detach_policies": false,
            "id": "iam_for_cleanup_lambda",
            "max_session_duration": 3600,
            "name": "iam_for_cleanup_lambda",
            "name_prefix": null,
            "path": "/",
            "permissions_boundary": null,
            "tags": null,
            "unique_id": "AROAT375WLWMMTELCOXLO"
          },
          "sensitive_attributes": [],
          "private": "bnVsbA=="
        }
      ]
    },
    {
      "module": "module.cleanup-lambda",
      "mode": "managed",
      "type": "aws_iam_role_policy_attachment",
      "name": "logs_policy",
      "provider": "provider[\"registry.terraform.io/hashicorp/aws\"]",
      "instances": [
        {
          "schema_version": 0,
          "attributes": {
            "id": "iam_for_cleanup_lambda-20210216141213842000000003",
            "policy_arn": "arn:aws:iam::aws:policy/service-role/AWSLambdaBasicExecutionRole",
            "role": "iam_for_cleanup_lambda"
          },
          "sensitive_attributes": [],
          "private": "bnVsbA==",
          "dependencies": [
            "module.cleanup-lambda.aws_iam_role.iam_for_cleanup_lambda"
          ]
        }
      ]
    },
    {
      "module": "module.cleanup-lambda",
      "mode": "managed",
      "type": "aws_lambda_function",
      "name": "cleanup",
      "provider": "provider[\"registry.terraform.io/hashicorp/aws\"]",
      "instances": [
        {
          "schema_version": 0,
          "attributes": {
            "arn": "arn:aws:lambda:eu-west-2:266283146648:function:cleanup_func_lambda",
            "code_signing_config_arn": "",
            "dead_letter_config": [],
            "description": "Lambda that crates a db record",
            "environment": [],
            "file_system_config": [],
            "filename": "cleanup-lambda-python-code.zip",
            "function_name": "cleanup_func_lambda",
            "handler": "cleanup_processor.lambda_handler",
            "id": "cleanup_func_lambda",
            "image_config": [],
            "image_uri": "",
            "invoke_arn": "arn:aws:apigateway:eu-west-2:lambda:path/2015-03-31/functions/arn:aws:lambda:eu-west-2:266283146648:function:cleanup_func_lambda/invocations",
            "kms_key_arn": "",
            "last_modified": "2021-02-16T14:12:33.930+0000",
            "layers": null,
            "memory_size": 128,
            "package_type": "Zip",
            "publish": false,
            "qualified_arn": "arn:aws:lambda:eu-west-2:266283146648:function:cleanup_func_lambda:$LATEST",
            "reserved_concurrent_executions": -1,
            "role": "arn:aws:iam::266283146648:role/iam_for_cleanup_lambda",
            "runtime": "python3.8",
            "s3_bucket": null,
            "s3_key": null,
            "s3_object_version": null,
            "signing_job_arn": "",
            "signing_profile_version_arn": "",
            "source_code_hash": "dR6FGP0BANSny8VU2P11djM+J/FOAEiumyhF5LURV0o=",
            "source_code_size": 227,
            "tags": null,
            "timeout": 3,
            "timeouts": null,
            "tracing_config": [
              {
                "mode": "PassThrough"
              }
            ],
            "version": "$LATEST",
            "vpc_config": []
          },
          "sensitive_attributes": [],
          "private": "eyJlMmJmYjczMC1lY2FhLTExZTYtOGY4OC0zNDM2M2JjN2M0YzAiOnsiY3JlYXRlIjo2MDAwMDAwMDAwMDB9fQ==",
          "dependencies": [
            "module.cleanup-lambda.aws_iam_role.iam_for_cleanup_lambda"
          ]
        }
      ]
    },
    {
      "module": "module.cra-equifax-lambda",
      "mode": "data",
      "type": "archive_file",
      "name": "archive",
      "provider": "provider[\"registry.terraform.io/hashicorp/archive\"]",
      "instances": [
        {
          "schema_version": 0,
          "attributes": {
            "excludes": null,
            "id": "0183e7bd1548fb594626a859f12e0a9be4cc4e37",
            "output_base64sha256": "m6oGlVhr/zXxtkARYlCOlemTNurCpEZ5PfilWrVGn4s=",
            "output_md5": "dc335a2fefb850f6a9e84f72f7d6865d",
            "output_path": "./cra-equifax-lambda-python-code.zip",
            "output_sha": "0183e7bd1548fb594626a859f12e0a9be4cc4e37",
            "output_size": 227,
            "source": [],
            "source_content": null,
            "source_content_filename": null,
            "source_dir": "./../src/cra-integration/equifax/",
            "source_file": null,
            "type": "zip"
          },
          "sensitive_attributes": []
        }
      ]
    },
    {
      "module": "module.cra-equifax-lambda",
      "mode": "managed",
      "type": "aws_iam_role",
      "name": "iam_for_equifax_lambda",
      "provider": "provider[\"registry.terraform.io/hashicorp/aws\"]",
      "instances": [
        {
          "schema_version": 0,
          "attributes": {
            "arn": "arn:aws:iam::266283146648:role/iam_for_equifax_lambda",
            "assume_role_policy": "{\"Version\":\"2012-10-17\",\"Statement\":[{\"Effect\":\"Allow\",\"Principal\":{\"Service\":\"lambda.amazonaws.com\"},\"Action\":\"sts:AssumeRole\"}]}",
            "create_date": "2021-02-16T14:12:12Z",
            "description": "",
            "force_detach_policies": false,
            "id": "iam_for_equifax_lambda",
            "max_session_duration": 3600,
            "name": "iam_for_equifax_lambda",
            "name_prefix": null,
            "path": "/",
            "permissions_boundary": null,
            "tags": null,
            "unique_id": "AROAT375WLWMD2KXMFXMX"
          },
          "sensitive_attributes": [],
          "private": "bnVsbA=="
        }
      ]
    },
    {
      "module": "module.cra-equifax-lambda",
      "mode": "managed",
      "type": "aws_iam_role_policy_attachment",
      "name": "logs_policy",
      "provider": "provider[\"registry.terraform.io/hashicorp/aws\"]",
      "instances": [
        {
          "schema_version": 0,
          "attributes": {
            "id": "iam_for_equifax_lambda-20210216141213738600000001",
            "policy_arn": "arn:aws:iam::aws:policy/service-role/AWSLambdaBasicExecutionRole",
            "role": "iam_for_equifax_lambda"
          },
          "sensitive_attributes": [],
          "private": "bnVsbA==",
          "dependencies": [
            "module.cra-equifax-lambda.aws_iam_role.iam_for_equifax_lambda"
          ]
        }
      ]
    },
    {
      "module": "module.cra-equifax-lambda",
      "mode": "managed",
      "type": "aws_lambda_function",
      "name": "cra_equifax",
      "provider": "provider[\"registry.terraform.io/hashicorp/aws\"]",
      "instances": [
        {
          "schema_version": 0,
          "attributes": {
            "arn": "arn:aws:lambda:eu-west-2:266283146648:function:cra_equifax_func_lambda",
            "code_signing_config_arn": "",
            "dead_letter_config": [],
            "description": "Lambda that crates a db record",
            "environment": [],
            "file_system_config": [],
            "filename": "cra-equifax-lambda-python-code.zip",
            "function_name": "cra_equifax_func_lambda",
            "handler": "equifax_processor.lambda_handler",
            "id": "cra_equifax_func_lambda",
            "image_config": [],
            "image_uri": "",
            "invoke_arn": "arn:aws:apigateway:eu-west-2:lambda:path/2015-03-31/functions/arn:aws:lambda:eu-west-2:266283146648:function:cra_equifax_func_lambda/invocations",
            "kms_key_arn": "",
            "last_modified": "2021-02-16T14:12:27.802+0000",
            "layers": null,
            "memory_size": 128,
            "package_type": "Zip",
            "publish": false,
            "qualified_arn": "arn:aws:lambda:eu-west-2:266283146648:function:cra_equifax_func_lambda:$LATEST",
            "reserved_concurrent_executions": -1,
            "role": "arn:aws:iam::266283146648:role/iam_for_equifax_lambda",
            "runtime": "python3.8",
            "s3_bucket": null,
            "s3_key": null,
            "s3_object_version": null,
            "signing_job_arn": "",
            "signing_profile_version_arn": "",
            "source_code_hash": "m6oGlVhr/zXxtkARYlCOlemTNurCpEZ5PfilWrVGn4s=",
            "source_code_size": 227,
            "tags": null,
            "timeout": 3,
            "timeouts": null,
            "tracing_config": [
              {
                "mode": "PassThrough"
              }
            ],
            "version": "$LATEST",
            "vpc_config": []
          },
          "sensitive_attributes": [],
          "private": "eyJlMmJmYjczMC1lY2FhLTExZTYtOGY4OC0zNDM2M2JjN2M0YzAiOnsiY3JlYXRlIjo2MDAwMDAwMDAwMDB9fQ==",
          "dependencies": [
            "module.cra-equifax-lambda.aws_iam_role.iam_for_equifax_lambda"
          ]
        }
      ]
    },
    {
      "module": "module.cra-gbg-lambda",
      "mode": "data",
      "type": "archive_file",
      "name": "archive",
      "provider": "provider[\"registry.terraform.io/hashicorp/archive\"]",
      "instances": [
        {
          "schema_version": 0,
          "attributes": {
            "excludes": null,
            "id": "34883d6c8fd592da2ed8797afd9d6b15965294c6",
            "output_base64sha256": "5RgfLG24pCTqkEXPDXR9zMeJQYBdHJSeeKFAHPbA4lw=",
            "output_md5": "31db9b4971f2452d2658cd910a2dec5a",
            "output_path": "./cra-gbg-lambda-python-code.zip",
            "output_sha": "34883d6c8fd592da2ed8797afd9d6b15965294c6",
            "output_size": 215,
            "source": [],
            "source_content": null,
            "source_content_filename": null,
            "source_dir": "./../src/cra-integration/gbg/",
            "source_file": null,
            "type": "zip"
          },
          "sensitive_attributes": []
        }
      ]
    },
    {
      "module": "module.cra-gbg-lambda",
      "mode": "managed",
      "type": "aws_iam_role",
      "name": "iam_for_cra_gbg_lambda",
      "provider": "provider[\"registry.terraform.io/hashicorp/aws\"]",
      "instances": [
        {
          "schema_version": 0,
          "attributes": {
            "arn": "arn:aws:iam::266283146648:role/iam_for_cra_gbg_lambda",
            "assume_role_policy": "{\"Version\":\"2012-10-17\",\"Statement\":[{\"Effect\":\"Allow\",\"Principal\":{\"Service\":\"lambda.amazonaws.com\"},\"Action\":\"sts:AssumeRole\"}]}",
            "create_date": "2021-02-16T14:12:12Z",
            "description": "",
            "force_detach_policies": false,
            "id": "iam_for_cra_gbg_lambda",
            "max_session_duration": 3600,
            "name": "iam_for_cra_gbg_lambda",
            "name_prefix": null,
            "path": "/",
            "permissions_boundary": null,
            "tags": null,
            "unique_id": "AROAT375WLWMOKMZAX3A5"
          },
          "sensitive_attributes": [],
          "private": "bnVsbA=="
        }
      ]
    },
    {
      "module": "module.cra-gbg-lambda",
      "mode": "managed",
      "type": "aws_iam_role_policy_attachment",
      "name": "logs_policy",
      "provider": "provider[\"registry.terraform.io/hashicorp/aws\"]",
      "instances": [
        {
          "schema_version": 0,
          "attributes": {
            "id": "iam_for_cra_gbg_lambda-20210216141213744500000002",
            "policy_arn": "arn:aws:iam::aws:policy/service-role/AWSLambdaBasicExecutionRole",
            "role": "iam_for_cra_gbg_lambda"
          },
          "sensitive_attributes": [],
          "private": "bnVsbA==",
          "dependencies": [
            "module.cra-gbg-lambda.aws_iam_role.iam_for_cra_gbg_lambda"
          ]
        }
      ]
    },
    {
      "module": "module.cra-gbg-lambda",
      "mode": "managed",
      "type": "aws_lambda_function",
      "name": "cra_gbg_entry",
      "provider": "provider[\"registry.terraform.io/hashicorp/aws\"]",
      "instances": [
        {
          "schema_version": 0,
          "attributes": {
            "arn": "arn:aws:lambda:eu-west-2:266283146648:function:cra_gbg_func_lambda",
            "code_signing_config_arn": "",
            "dead_letter_config": [],
            "description": "Lambda that crates a db record",
            "environment": [],
            "file_system_config": [],
            "filename": "cra-gbg-lambda-python-code.zip",
            "function_name": "cra_gbg_func_lambda",
            "handler": "gbg_processor.lambda_handler",
            "id": "cra_gbg_func_lambda",
            "image_config": [],
            "image_uri": "",
            "invoke_arn": "arn:aws:apigateway:eu-west-2:lambda:path/2015-03-31/functions/arn:aws:lambda:eu-west-2:266283146648:function:cra_gbg_func_lambda/invocations",
            "kms_key_arn": "",
            "last_modified": "2021-02-16T14:12:21.830+0000",
            "layers": null,
            "memory_size": 128,
            "package_type": "Zip",
            "publish": false,
            "qualified_arn": "arn:aws:lambda:eu-west-2:266283146648:function:cra_gbg_func_lambda:$LATEST",
            "reserved_concurrent_executions": -1,
            "role": "arn:aws:iam::266283146648:role/iam_for_cra_gbg_lambda",
            "runtime": "python3.8",
            "s3_bucket": null,
            "s3_key": null,
            "s3_object_version": null,
            "signing_job_arn": "",
            "signing_profile_version_arn": "",
            "source_code_hash": "5RgfLG24pCTqkEXPDXR9zMeJQYBdHJSeeKFAHPbA4lw=",
            "source_code_size": 215,
            "tags": null,
            "timeout": 3,
            "timeouts": null,
            "tracing_config": [
              {
                "mode": "PassThrough"
              }
            ],
            "version": "$LATEST",
            "vpc_config": []
          },
          "sensitive_attributes": [],
          "private": "eyJlMmJmYjczMC1lY2FhLTExZTYtOGY4OC0zNDM2M2JjN2M0YzAiOnsiY3JlYXRlIjo2MDAwMDAwMDAwMDB9fQ==",
          "dependencies": [
            "module.cra-gbg-lambda.aws_iam_role.iam_for_cra_gbg_lambda"
          ]
        }
      ]
    },
    {
      "module": "module.input-db-lambda",
      "mode": "data",
      "type": "archive_file",
      "name": "archive",
      "provider": "provider[\"registry.terraform.io/hashicorp/archive\"]",
      "instances": [
        {
          "schema_version": 0,
          "attributes": {
            "excludes": null,
            "id": "e15ad7bfcf2c1ee1574c04f5a337ff90617d786f",
            "output_base64sha256": "M8KA8789TywSJmQTARUOvnjhiBdWbwj6IhDGv3Btxrs=",
            "output_md5": "acb834bafd5027a82aa5f866f1749bd4",
            "output_path": "./db-lambda-python-code.zip",
            "output_sha": "e15ad7bfcf2c1ee1574c04f5a337ff90617d786f",
            "output_size": 212,
            "source": [],
            "source_content": null,
            "source_content_filename": null,
            "source_dir": "./../src/cra-integration/db-integration/",
            "source_file": null,
            "type": "zip"
          },
          "sensitive_attributes": []
        }
      ]
    },
    {
      "module": "module.input-db-lambda",
      "mode": "managed",
      "type": "aws_iam_role",
      "name": "iam_for_db_lambda",
      "provider": "provider[\"registry.terraform.io/hashicorp/aws\"]",
      "instances": [
        {
          "schema_version": 0,
          "attributes": {
            "arn": "arn:aws:iam::266283146648:role/iam_for_db_lambda",
            "assume_role_policy": "{\"Version\":\"2012-10-17\",\"Statement\":[{\"Effect\":\"Allow\",\"Principal\":{\"Service\":\"lambda.amazonaws.com\"},\"Action\":\"sts:AssumeRole\"}]}",
            "create_date": "2021-02-16T14:12:13Z",
            "description": "",
            "force_detach_policies": false,
            "id": "iam_for_db_lambda",
            "max_session_duration": 3600,
            "name": "iam_for_db_lambda",
            "name_prefix": null,
            "path": "/",
            "permissions_boundary": null,
            "tags": null,
            "unique_id": "AROAT375WLWMCPON2QMAR"
          },
          "sensitive_attributes": [],
          "private": "bnVsbA=="
        }
      ]
    },
    {
      "module": "module.input-db-lambda",
      "mode": "managed",
      "type": "aws_iam_role_policy_attachment",
      "name": "logs_policy",
      "provider": "provider[\"registry.terraform.io/hashicorp/aws\"]",
      "instances": [
        {
          "schema_version": 0,
          "attributes": {
            "id": "iam_for_db_lambda-20210216141214236200000005",
            "policy_arn": "arn:aws:iam::aws:policy/service-role/AWSLambdaBasicExecutionRole",
            "role": "iam_for_db_lambda"
          },
          "sensitive_attributes": [],
          "private": "bnVsbA==",
          "dependencies": [
            "module.input-db-lambda.aws_iam_role.iam_for_db_lambda"
          ]
        }
      ]
    },
    {
      "module": "module.input-db-lambda",
      "mode": "managed",
      "type": "aws_lambda_function",
      "name": "db_entry",
      "provider": "provider[\"registry.terraform.io/hashicorp/aws\"]",
      "instances": [
        {
          "schema_version": 0,
          "attributes": {
            "arn": "arn:aws:lambda:eu-west-2:266283146648:function:entry_record_db_lambda",
            "code_signing_config_arn": "",
            "dead_letter_config": [],
            "description": "Lambda that crates a db record",
            "environment": [],
            "file_system_config": [],
            "filename": "db-lambda-python-code.zip",
            "function_name": "entry_record_db_lambda",
            "handler": "db_processor.lambda_handler",
            "id": "entry_record_db_lambda",
            "image_config": [],
            "image_uri": "",
            "invoke_arn": "arn:aws:apigateway:eu-west-2:lambda:path/2015-03-31/functions/arn:aws:lambda:eu-west-2:266283146648:function:entry_record_db_lambda/invocations",
            "kms_key_arn": "",
            "last_modified": "2021-02-16T14:12:46.085+0000",
            "layers": null,
            "memory_size": 128,
            "package_type": "Zip",
            "publish": false,
            "qualified_arn": "arn:aws:lambda:eu-west-2:266283146648:function:entry_record_db_lambda:$LATEST",
            "reserved_concurrent_executions": -1,
            "role": "arn:aws:iam::266283146648:role/iam_for_db_lambda",
            "runtime": "python3.8",
            "s3_bucket": null,
            "s3_key": null,
            "s3_object_version": null,
            "signing_job_arn": "",
            "signing_profile_version_arn": "",
            "source_code_hash": "M8KA8789TywSJmQTARUOvnjhiBdWbwj6IhDGv3Btxrs=",
            "source_code_size": 212,
            "tags": null,
            "timeout": 3,
            "timeouts": null,
            "tracing_config": [
              {
                "mode": "PassThrough"
              }
            ],
            "version": "$LATEST",
            "vpc_config": []
          },
          "sensitive_attributes": [],
          "private": "eyJlMmJmYjczMC1lY2FhLTExZTYtOGY4OC0zNDM2M2JjN2M0YzAiOnsiY3JlYXRlIjo2MDAwMDAwMDAwMDB9fQ==",
          "dependencies": [
            "module.input-db-lambda.aws_iam_role.iam_for_db_lambda"
          ]
        }
      ]
    },
    {
      "module": "module.lambda",
      "mode": "data",
      "type": "archive_file",
      "name": "archive",
      "provider": "provider[\"registry.terraform.io/hashicorp/archive\"]",
      "instances": [
        {
          "schema_version": 0,
          "attributes": {
            "excludes": null,
            "id": "1ba5e42a6ec23feeca8ff8385e2d15f188fed8ee",
            "output_base64sha256": "xrOCUV7XvV6VL58q/6ZvATsOfpyjY/109tgzIII1LXI=",
            "output_md5": "bde49e75e1c43ed3e15252f9086bb30e",
            "output_path": "./input-processor-python-code.zip",
            "output_sha": "1ba5e42a6ec23feeca8ff8385e2d15f188fed8ee",
            "output_size": 230,
            "source": [],
            "source_content": null,
            "source_content_filename": null,
            "source_dir": "./../src/cra-integration/input-processor/",
            "source_file": null,
            "type": "zip"
          },
          "sensitive_attributes": []
        }
      ]
    },
    {
      "module": "module.lambda",
      "mode": "managed",
      "type": "aws_iam_role",
      "name": "iam_for_input_processor_lambda",
      "provider": "provider[\"registry.terraform.io/hashicorp/aws\"]",
      "instances": [
        {
          "schema_version": 0,
          "attributes": {
            "arn": "arn:aws:iam::266283146648:role/iam_for_input_processor_lambda",
            "assume_role_policy": "{\"Version\":\"2012-10-17\",\"Statement\":[{\"Effect\":\"Allow\",\"Principal\":{\"Service\":\"lambda.amazonaws.com\"},\"Action\":\"sts:AssumeRole\"}]}",
            "create_date": "2021-02-16T14:12:12Z",
            "description": "",
            "force_detach_policies": false,
            "id": "iam_for_input_processor_lambda",
            "max_session_duration": 3600,
            "name": "iam_for_input_processor_lambda",
            "name_prefix": null,
            "path": "/",
            "permissions_boundary": null,
            "tags": null,
            "unique_id": "AROAT375WLWMIA3QTNBV7"
          },
          "sensitive_attributes": [],
          "private": "bnVsbA=="
        }
      ]
    },
    {
      "module": "module.lambda",
      "mode": "managed",
      "type": "aws_iam_role_policy_attachment",
      "name": "logs_policy",
      "provider": "provider[\"registry.terraform.io/hashicorp/aws\"]",
      "instances": [
        {
          "schema_version": 0,
          "attributes": {
            "id": "iam_for_input_processor_lambda-20210216141214179000000004",
            "policy_arn": "arn:aws:iam::aws:policy/service-role/AWSLambdaBasicExecutionRole",
            "role": "iam_for_input_processor_lambda"
          },
          "sensitive_attributes": [],
          "private": "bnVsbA==",
          "dependencies": [
            "module.lambda.aws_iam_role.iam_for_input_processor_lambda"
          ]
        }
      ]
    },
    {
      "module": "module.lambda",
      "mode": "managed",
      "type": "aws_lambda_function",
      "name": "input_processor",
      "provider": "provider[\"registry.terraform.io/hashicorp/aws\"]",
      "instances": [
        {
          "schema_version": 0,
          "attributes": {
            "arn": "arn:aws:lambda:eu-west-2:266283146648:function:input-processor",
            "code_signing_config_arn": "",
            "dead_letter_config": [],
            "description": "My simple lambda function",
            "environment": [],
            "file_system_config": [],
            "filename": "input-processor-python-code.zip",
            "function_name": "input-processor",
            "handler": "importcsv.lambda_handler",
            "id": "input-processor",
            "image_config": [],
            "image_uri": "",
            "invoke_arn": "arn:aws:apigateway:eu-west-2:lambda:path/2015-03-31/functions/arn:aws:lambda:eu-west-2:266283146648:function:input-processor/invocations",
            "kms_key_arn": "",
            "last_modified": "2021-02-16T14:12:39.947+0000",
            "layers": null,
            "memory_size": 128,
            "package_type": "Zip",
            "publish": false,
            "qualified_arn": "arn:aws:lambda:eu-west-2:266283146648:function:input-processor:$LATEST",
            "reserved_concurrent_executions": -1,
            "role": "arn:aws:iam::266283146648:role/iam_for_input_processor_lambda",
            "runtime": "python3.8",
            "s3_bucket": null,
            "s3_key": null,
            "s3_object_version": null,
            "signing_job_arn": "",
            "signing_profile_version_arn": "",
            "source_code_hash": "xrOCUV7XvV6VL58q/6ZvATsOfpyjY/109tgzIII1LXI=",
            "source_code_size": 230,
            "tags": null,
            "timeout": 3,
            "timeouts": null,
            "tracing_config": [
              {
                "mode": "PassThrough"
              }
            ],
            "version": "$LATEST",
            "vpc_config": []
          },
          "sensitive_attributes": [],
          "private": "eyJlMmJmYjczMC1lY2FhLTExZTYtOGY4OC0zNDM2M2JjN2M0YzAiOnsiY3JlYXRlIjo2MDAwMDAwMDAwMDB9fQ==",
          "dependencies": [
            "module.lambda.aws_iam_role.iam_for_input_processor_lambda"
          ]
        }
      ]
    },
    {
      "module": "module.lambda",
      "mode": "managed",
      "type": "aws_lambda_permission",
      "name": "allow_bucket",
      "provider": "provider[\"registry.terraform.io/hashicorp/aws\"]",
      "instances": [
        {
          "schema_version": 0,
          "attributes": {
            "action": "lambda:InvokeFunction",
            "event_source_token": null,
            "function_name": "arn:aws:lambda:eu-west-2:266283146648:function:input-processor",
            "id": "AllowExecutionFromS3Bucket",
            "principal": "s3.amazonaws.com",
            "qualifier": "",
            "source_account": null,
            "source_arn": "arn:aws:s3:::input-dev-bucket",
            "statement_id": "AllowExecutionFromS3Bucket",
            "statement_id_prefix": null
          },
          "sensitive_attributes": [],
          "private": "bnVsbA==",
          "dependencies": [
            "module.lambda.aws_iam_role.iam_for_input_processor_lambda",
            "module.lambda.aws_lambda_function.input_processor",
            "module.s3.aws_s3_bucket.bucket"
          ]
        }
      ]
    },
    {
      "module": "module.s3",
      "mode": "managed",
      "type": "aws_iam_policy",
      "name": "s3_policy",
      "provider": "provider[\"registry.terraform.io/hashicorp/aws\"]",
      "instances": [
        {
          "schema_version": 0,
          "attributes": {
            "arn": "arn:aws:iam::266283146648:policy/test_policy",
            "description": "My test policy",
            "id": "arn:aws:iam::266283146648:policy/test_policy",
            "name": "test_policy",
            "name_prefix": null,
            "path": "/",
            "policy": "{\n  \"Version\": \"2012-10-17\",\n  \"Statement\": [\n      {\n         \"Effect\":\"Allow\",\n         \"Action\":[\n            \"s3:PutObject\",\n            \"s3:PutObjectAcl\",\n            \"s3:GetObject\",\n            \"s3:GetObjectAcl\",\n            \"s3:DeleteObject\"\n         ],\n         \"Resource\":\"arn:aws:s3:::arul9999999-input-bucket/*\"\n      }\n  ]\n}\n"
          },
          "sensitive_attributes": [],
          "private": "bnVsbA=="
        }
      ]
    },
    {
      "module": "module.s3",
      "mode": "managed",
      "type": "aws_iam_role_policy_attachment",
      "name": "logs_policy",
      "provider": "provider[\"registry.terraform.io/hashicorp/aws\"]",
      "instances": [
        {
          "schema_version": 0,
          "attributes": {
            "id": "iam_for_input_processor_lambda-20210216141214848100000007",
            "policy_arn": "arn:aws:iam::aws:policy/service-role/AWSLambdaBasicExecutionRole",
            "role": "iam_for_input_processor_lambda"
          },
          "sensitive_attributes": [],
          "private": "bnVsbA==",
          "dependencies": [
            "module.lambda.aws_iam_role.iam_for_input_processor_lambda"
          ]
        }
      ]
    },
    {
      "module": "module.s3",
      "mode": "managed",
      "type": "aws_iam_role_policy_attachment",
      "name": "s3_get_policy",
      "provider": "provider[\"registry.terraform.io/hashicorp/aws\"]",
      "instances": [
        {
          "schema_version": 0,
          "attributes": {
            "id": "iam_for_input_processor_lambda-20210216141214754700000006",
            "policy_arn": "arn:aws:iam::266283146648:policy/test_policy",
            "role": "iam_for_input_processor_lambda"
          },
          "sensitive_attributes": [],
          "private": "bnVsbA==",
          "dependencies": [
            "module.lambda.aws_iam_role.iam_for_input_processor_lambda",
            "module.s3.aws_iam_policy.s3_policy"
          ]
        }
      ]
    },
    {
      "module": "module.s3",
      "mode": "managed",
      "type": "aws_s3_bucket",
      "name": "bucket",
      "provider": "provider[\"registry.terraform.io/hashicorp/aws\"]",
      "instances": [
        {
          "schema_version": 0,
          "attributes": {
            "acceleration_status": "",
            "acl": "private",
            "arn": "arn:aws:s3:::input-dev-bucket",
            "bucket": "input-dev-bucket",
            "bucket_domain_name": "input-dev-bucket.s3.amazonaws.com",
            "bucket_prefix": null,
            "bucket_regional_domain_name": "input-dev-bucket.s3.eu-west-2.amazonaws.com",
            "cors_rule": [],
            "force_destroy": false,
            "grant": [],
            "hosted_zone_id": "Z3GKZC51ZF0DB4",
            "id": "input-dev-bucket",
            "lifecycle_rule": [],
            "logging": [],
            "object_lock_configuration": [],
            "policy": null,
            "region": "eu-west-2",
            "replication_configuration": [],
            "request_payer": "BucketOwner",
            "server_side_encryption_configuration": [],
            "tags": null,
            "versioning": [
              {
                "enabled": false,
                "mfa_delete": false
              }
            ],
            "website": [],
            "website_domain": null,
            "website_endpoint": null
          },
          "sensitive_attributes": [],
          "private": "bnVsbA=="
        }
      ]
    },
    {
      "module": "module.s3",
      "mode": "managed",
      "type": "aws_s3_bucket_notification",
      "name": "bucket_notification",
      "provider": "provider[\"registry.terraform.io/hashicorp/aws\"]",
      "instances": [
        {
          "schema_version": 0,
          "attributes": {
            "bucket": "input-dev-bucket",
            "id": "input-dev-bucket",
            "lambda_function": [
              {
                "events": [
                  "s3:ObjectCreated:*"
                ],
                "filter_prefix": "",
                "filter_suffix": "",
                "id": "tf-s3-lambda-20210216141245885600000008",
                "lambda_function_arn": "arn:aws:lambda:eu-west-2:266283146648:function:input-processor"
              }
            ],
            "queue": [],
            "topic": []
          },
          "sensitive_attributes": [],
          "private": "bnVsbA==",
          "dependencies": [
            "module.lambda.aws_iam_role.iam_for_input_processor_lambda",
            "module.lambda.aws_lambda_function.input_processor",
            "module.s3.aws_s3_bucket.bucket"
          ]
        }
      ]
    },
    {
      "module": "module.step_function.module.step_function",
      "mode": "data",
      "type": "aws_iam_policy_document",
      "name": "assume_role",
      "provider": "provider[\"registry.terraform.io/hashicorp/aws\"]",
      "instances": [
        {
          "index_key": 0,
          "schema_version": 0,
          "attributes": {
            "id": "4162090620",
            "json": "{\n  \"Version\": \"2012-10-17\",\n  \"Statement\": [\n    {\n      \"Sid\": \"\",\n      \"Effect\": \"Allow\",\n      \"Action\": \"sts:AssumeRole\",\n      \"Principal\": {\n        \"Service\": \"states.eu-west-2.amazonaws.com\"\n      }\n    }\n  ]\n}",
            "override_json": null,
            "policy_id": null,
            "source_json": null,
            "statement": [
              {
                "actions": [
                  "sts:AssumeRole"
                ],
                "condition": [],
                "effect": "Allow",
                "not_actions": [],
                "not_principals": [],
                "not_resources": [],
                "principals": [
                  {
                    "identifiers": [
                      "states.eu-west-2.amazonaws.com"
                    ],
                    "type": "Service"
                  }
                ],
                "resources": [],
                "sid": ""
              }
            ],
            "version": "2012-10-17"
          },
          "sensitive_attributes": []
        }
      ]
    },
    {
      "module": "module.step_function.module.step_function",
      "mode": "data",
      "type": "aws_iam_policy_document",
      "name": "service",
      "provider": "provider[\"registry.terraform.io/hashicorp/aws\"]",
      "instances": [
        {
          "index_key": "lambda",
          "schema_version": 0,
          "attributes": {
            "id": "3190121440",
            "json": "{\n  \"Version\": \"2012-10-17\",\n  \"Statement\": [\n    {\n      \"Sid\": \"lambdaLambda\",\n      \"Effect\": \"Allow\",\n      \"Action\": \"lambda:InvokeFunction\",\n      \"Resource\": [\n        \"arn:aws:lambda:eu-west-2:266283146648:function:entry_record_db_lambda\",\n        \"arn:aws:lambda:eu-west-2:266283146648:function:cra_gbg_func_lambda\",\n        \"arn:aws:lambda:eu-west-2:266283146648:function:cra_equifax_func_lambda\",\n        \"arn:aws:lambda:eu-west-2:266283146648:function:cleanup_func_lambda\"\n      ]\n    }\n  ]\n}",
            "override_json": null,
            "policy_id": null,
            "source_json": null,
            "statement": [
              {
                "actions": [
                  "lambda:InvokeFunction"
                ],
                "condition": [],
                "effect": "Allow",
                "not_actions": [],
                "not_principals": [],
                "not_resources": [],
                "principals": [],
                "resources": [
                  "arn:aws:lambda:eu-west-2:266283146648:function:cleanup_func_lambda",
                  "arn:aws:lambda:eu-west-2:266283146648:function:cra_equifax_func_lambda",
                  "arn:aws:lambda:eu-west-2:266283146648:function:cra_gbg_func_lambda",
                  "arn:aws:lambda:eu-west-2:266283146648:function:entry_record_db_lambda"
                ],
                "sid": "lambdaLambda"
              }
            ],
            "version": "2012-10-17"
          },
          "sensitive_attributes": []
        }
      ]
    },
    {
      "module": "module.step_function.module.step_function",
      "mode": "data",
      "type": "aws_region",
      "name": "current",
      "provider": "provider[\"registry.terraform.io/hashicorp/aws\"]",
      "instances": [
        {
          "index_key": 0,
          "schema_version": 0,
          "attributes": {
            "description": "Europe (London)",
            "endpoint": "ec2.eu-west-2.amazonaws.com",
            "id": "eu-west-2",
            "name": "eu-west-2"
          },
          "sensitive_attributes": []
        }
      ]
    },
    {
      "module": "module.step_function.module.step_function",
      "mode": "managed",
      "type": "aws_iam_policy",
      "name": "service",
      "provider": "provider[\"registry.terraform.io/hashicorp/aws\"]",
      "instances": [
        {
          "index_key": "lambda",
          "schema_version": 0,
          "attributes": {
            "arn": "arn:aws:iam::266283146648:policy/my-step-function-lambda",
            "description": "",
            "id": "arn:aws:iam::266283146648:policy/my-step-function-lambda",
            "name": "my-step-function-lambda",
            "name_prefix": null,
            "path": "/",
            "policy": "{\n  \"Version\": \"2012-10-17\",\n  \"Statement\": [\n    {\n      \"Sid\": \"lambdaLambda\",\n      \"Effect\": \"Allow\",\n      \"Action\": \"lambda:InvokeFunction\",\n      \"Resource\": [\n        \"arn:aws:lambda:eu-west-2:266283146648:function:entry_record_db_lambda\",\n        \"arn:aws:lambda:eu-west-2:266283146648:function:cra_gbg_func_lambda\",\n        \"arn:aws:lambda:eu-west-2:266283146648:function:cra_equifax_func_lambda\",\n        \"arn:aws:lambda:eu-west-2:266283146648:function:cleanup_func_lambda\"\n      ]\n    }\n  ]\n}"
          },
          "sensitive_attributes": [],
          "private": "bnVsbA==",
          "dependencies": [
            "module.cleanup-lambda.aws_iam_role.iam_for_cleanup_lambda",
            "module.cleanup-lambda.aws_lambda_function.cleanup",
            "module.cra-equifax-lambda.aws_iam_role.iam_for_equifax_lambda",
            "module.cra-equifax-lambda.aws_lambda_function.cra_equifax",
            "module.cra-gbg-lambda.aws_iam_role.iam_for_cra_gbg_lambda",
            "module.cra-gbg-lambda.aws_lambda_function.cra_gbg_entry",
            "module.input-db-lambda.aws_iam_role.iam_for_db_lambda",
            "module.input-db-lambda.aws_lambda_function.db_entry",
            "module.step_function.module.step_function.data.aws_iam_policy_document.service"
          ]
        }
      ]
    },
    {
      "module": "module.step_function.module.step_function",
      "mode": "managed",
      "type": "aws_iam_policy_attachment",
      "name": "service",
      "provider": "provider[\"registry.terraform.io/hashicorp/aws\"]",
      "instances": [
        {
          "index_key": "lambda",
          "schema_version": 0,
          "attributes": {
            "groups": null,
            "id": "my-step-function-lambda",
            "name": "my-step-function-lambda",
            "policy_arn": "arn:aws:iam::266283146648:policy/my-step-function-lambda",
            "roles": [
              "my-step-function"
            ],
            "users": null
          },
          "sensitive_attributes": [],
          "private": "bnVsbA==",
          "dependencies": [
            "module.cleanup-lambda.aws_iam_role.iam_for_cleanup_lambda",
            "module.cleanup-lambda.aws_lambda_function.cleanup",
            "module.cra-equifax-lambda.aws_iam_role.iam_for_equifax_lambda",
            "module.cra-equifax-lambda.aws_lambda_function.cra_equifax",
            "module.cra-gbg-lambda.aws_iam_role.iam_for_cra_gbg_lambda",
            "module.cra-gbg-lambda.aws_lambda_function.cra_gbg_entry",
            "module.input-db-lambda.aws_iam_role.iam_for_db_lambda",
            "module.input-db-lambda.aws_lambda_function.db_entry",
            "module.step_function.module.step_function.aws_iam_policy.service",
            "module.step_function.module.step_function.aws_iam_role.this",
            "module.step_function.module.step_function.data.aws_iam_policy_document.assume_role",
            "module.step_function.module.step_function.data.aws_iam_policy_document.service"
          ]
        }
      ]
    },
    {
      "module": "module.step_function.module.step_function",
      "mode": "managed",
      "type": "aws_iam_role",
      "name": "this",
      "provider": "provider[\"registry.terraform.io/hashicorp/aws\"]",
      "instances": [
        {
          "index_key": 0,
          "schema_version": 0,
          "attributes": {
            "arn": "arn:aws:iam::266283146648:role/my-step-function",
            "assume_role_policy": "{\"Version\":\"2012-10-17\",\"Statement\":[{\"Sid\":\"\",\"Effect\":\"Allow\",\"Principal\":{\"Service\":\"states.eu-west-2.amazonaws.com\"},\"Action\":\"sts:AssumeRole\"}]}",
            "create_date": "2021-02-16T14:12:12Z",
            "description": "",
            "force_detach_policies": true,
            "id": "my-step-function",
            "max_session_duration": 3600,
            "name": "my-step-function",
            "name_prefix": null,
            "path": "/",
            "permissions_boundary": null,
            "tags": {
              "Module": "my"
            },
            "unique_id": "AROAT375WLWMEBJNHJRBV"
          },
          "sensitive_attributes": [],
          "private": "bnVsbA==",
          "dependencies": [
            "module.step_function.module.step_function.data.aws_iam_policy_document.assume_role"
          ]
        }
      ]
    },
    {
      "module": "module.step_function.module.step_function",
      "mode": "managed",
      "type": "aws_sfn_state_machine",
      "name": "this",
      "provider": "provider[\"registry.terraform.io/hashicorp/aws\"]",
      "instances": [
        {
          "index_key": 0,
          "schema_version": 0,
          "attributes": {
            "arn": "arn:aws:states:eu-west-2:266283146648:stateMachine:my-step-function",
            "creation_date": "2021-02-16T14:12:52Z",
            "definition": "{\n  \"Comment\": \"CRA processing\",\n  \"StartAt\": \"create-db-entries\",\n  \"States\": {\n    \"create-db-entries\": {\n      \"Type\": \"Task\",\n      \"Resource\": \"arn:aws:lambda:eu-west-2:266283146648:function:entry_record_db_lambda\",\n      \"Next\": \"call-equifax\"\n    },\n    \"call-equifax\": {\n      \"Type\": \"Task\",\n      \"Resource\": \"arn:aws:lambda:eu-west-2:266283146648:function:cra_equifax_func_lambda\",\n      \"Next\": \"call-gbg\"\n    },\n    \"call-gbg\": {\n      \"Type\": \"Task\",\n      \"Resource\": \"arn:aws:lambda:eu-west-2:266283146648:function:cra_gbg_func_lambda\",\n      \"Next\": \"cleanup\"\n    },\n    \"cleanup\": {\n      \"Type\": \"Task\",\n      \"Resource\": \"arn:aws:lambda:eu-west-2:266283146648:function:cleanup_func_lambda\",\n      \"End\": true\n    }\n  }\n}\n",
            "id": "arn:aws:states:eu-west-2:266283146648:stateMachine:my-step-function",
            "logging_configuration": [
              {
                "include_execution_data": false,
                "level": "OFF",
                "log_destination": ""
              }
            ],
            "name": "my-step-function",
            "role_arn": "arn:aws:iam::266283146648:role/my-step-function",
            "status": "ACTIVE",
            "tags": {
              "Module": "my",
              "Name": "my-step-function"
            },
            "type": "STANDARD"
          },
          "sensitive_attributes": [],
          "private": "bnVsbA==",
          "dependencies": [
            "module.cleanup-lambda.aws_iam_role.iam_for_cleanup_lambda",
            "module.cleanup-lambda.aws_lambda_function.cleanup",
            "module.cra-equifax-lambda.aws_iam_role.iam_for_equifax_lambda",
            "module.cra-equifax-lambda.aws_lambda_function.cra_equifax",
            "module.cra-gbg-lambda.aws_iam_role.iam_for_cra_gbg_lambda",
            "module.cra-gbg-lambda.aws_lambda_function.cra_gbg_entry",
            "module.input-db-lambda.aws_iam_role.iam_for_db_lambda",
            "module.input-db-lambda.aws_lambda_function.db_entry",
            "module.step_function.module.step_function.aws_iam_role.this",
            "module.step_function.module.step_function.data.aws_iam_policy_document.assume_role"
          ]
        }
      ]
    }
  ]
}
